
Microsoft Visual Studio Solution File, Format Version 12.00
# Visual Studio 15
VisualStudioVersion = 15.0.28307.1321
MinimumVisualStudioVersion = 10.0.40219.1
Project("{8BC9CEB8-8B4A-11D0-8D11-00A0C91BC942}") = "LG12_1a", "LG12_1a\LG12_1a.vcxproj", "{84CCF382-C4ED-43E2-AF3D-015F2D826D37}"
EndProject
Project("{8BC9CEB8-8B4A-11D0-8D11-00A0C91BC942}") = "LG12_1b", "LG12_1b\LG12_1b.vcxproj", "{443A6C75-4D62-4C3C-BDE1-ABCB849EA73B}"
EndProject
Project("{8BC9CEB8-8B4A-11D0-8D11-00A0C91BC942}") = "LG12_2a", "LG12_2a\LG12_2a.vcxproj", "{34FC13F9-F763-476A-BE80-5DA70526B842}"
EndProject
Project("{8BC9CEB8-8B4A-11D0-8D11-00A0C91BC942}") = "LG12_2b", "LG12_2b\LG12_2b.vcxproj", "{2E1114DC-35AF-4056-914C-BCC5ADB2D2C8}"
EndProject
Project("{8BC9CEB8-8B4A-11D0-8D11-00A0C91BC942}") = "LG12_3a", "LG12_3a\LG12_3a.vcxproj", "{8902A8D6-1A09-4A13-986C-336BA5492112}"
EndProject
Project("{8BC9CEB8-8B4A-11D0-8D11-00A0C91BC942}") = "LG12_3b", "LG12_3b\LG12_3b.vcxproj", "{1FDF05C3-D3C8-4E5E-861C-1389F8D3782A}"
EndProject
Project("{8BC9CEB8-8B4A-11D0-8D11-00A0C91BC942}") = "LG12_4", "LG12_4\LG12_4.vcxproj", "{C8FE331A-1F1B-46A4-A0DF-BC41281BBE80}"
EndProject
Project("{8BC9CEB8-8B4A-11D0-8D11-00A0C91BC942}") = "LG12_AQ", "LG12_AQ\LG12_AQ.vcxproj", "{687825F4-9274-43E3-AA46-686877227061}"
EndProject
Global
	GlobalSection(SolutionConfigurationPlatforms) = preSolution
		Debug|x64 = Debug|x64
		Debug|x86 = Debug|x86
		Release|x64 = Release|x64
		Release|x86 = Release|x86
	EndGlobalSection
	GlobalSection(ProjectConfigurationPlatforms) = postSolution
		{84CCF382-C4ED-43E2-AF3D-015F2D826D37}.Debug|x64.ActiveCfg = Debug|x64
		{84CCF382-C4ED-43E2-AF3D-015F2D826D37}.Debug|x64.Build.0 = Debug|x64
		{84CCF382-C4ED-43E2-AF3D-015F2D826D37}.Debug|x86.ActiveCfg = Debug|Win32
		{84CCF382-C4ED-43E2-AF3D-015F2D826D37}.Debug|x86.Build.0 = Debug|Win32
		{84CCF382-C4ED-43E2-AF3D-015F2D826D37}.Release|x64.ActiveCfg = Release|x64
		{84CCF382-C4ED-43E2-AF3D-015F2D826D37}.Release|x64.Build.0 = Release|x64
		{84CCF382-C4ED-43E2-AF3D-015F2D826D37}.Release|x86.ActiveCfg = Release|Win32
		{84CCF382-C4ED-43E2-AF3D-015F2D826D37}.Release|x86.Build.0 = Release|Win32
		{443A6C75-4D62-4C3C-BDE1-ABCB849EA73B}.Debug|x64.ActiveCfg = Debug|x64
		{443A6C75-4D62-4C3C-BDE1-ABCB849EA73B}.Debug|x64.Build.0 = Debug|x64
		{443A6C75-4D62-4C3C-BDE1-ABCB849EA73B}.Debug|x86.ActiveCfg = Debug|Win32
		{443A6C75-4D62-4C3C-BDE1-ABCB849EA73B}.Debug|x86.Build.0 = Debug|Win32
		{443A6C75-4D62-4C3C-BDE1-ABCB849EA73B}.Release|x64.ActiveCfg = Release|x64
		{443A6C75-4D62-4C3C-BDE1-ABCB849EA73B}.Release|x64.Build.0 = Release|x64
		{443A6C75-4D62-4C3C-BDE1-ABCB849EA73B}.Release|x86.ActiveCfg = Release|Win32
		{443A6C75-4D62-4C3C-BDE1-ABCB849EA73B}.Release|x86.Build.0 = Release|Win32
		{34FC13F9-F763-476A-BE80-5DA70526B842}.Debug|x64.ActiveCfg = Debug|x64
		{34FC13F9-F763-476A-BE80-5DA70526B842}.Debug|x64.Build.0 = Debug|x64
		{34FC13F9-F763-476A-BE80-5DA70526B842}.Debug|x86.ActiveCfg = Debug|Win32
		{34FC13F9-F763-476A-BE80-5DA70526B842}.Debug|x86.Build.0 = Debug|Win32
		{34FC13F9-F763-476A-BE80-5DA70526B842}.Release|x64.ActiveCfg = Release|x64
		{34FC13F9-F763-476A-BE80-5DA70526B842}.Release|x64.Build.0 = Release|x64
		{34FC13F9-F763-476A-BE80-5DA70526B842}.Release|x86.ActiveCfg = Release|Win32
		{34FC13F9-F763-476A-BE80-5DA70526B842}.Release|x86.Build.0 = Release|Win32
		{2E1114DC-35AF-4056-914C-BCC5ADB2D2C8}.Debug|x64.ActiveCfg = Debug|x64
		{2E1114DC-35AF-4056-914C-BCC5ADB2D2C8}.Debug|x64.Build.0 = Debug|x64
		{2E1114DC-35AF-4056-914C-BCC5ADB2D2C8}.Debug|x86.ActiveCfg = Debug|Win32
		{2E1114DC-35AF-4056-914C-BCC5ADB2D2C8}.Debug|x86.Build.0 = Debug|Win32
		{2E1114DC-35AF-4056-914C-BCC5ADB2D2C8}.Release|x64.ActiveCfg = Release|x64
		{2E1114DC-35AF-4056-914C-BCC5ADB2D2C8}.Release|x64.Build.0 = Release|x64
		{2E1114DC-35AF-4056-914C-BCC5ADB2D2C8}.Release|x86.ActiveCfg = Release|Win32
		{2E1114DC-35AF-4056-914C-BCC5ADB2D2C8}.Release|x86.Build.0 = Release|Win32
		{8902A8D6-1A09-4A13-986C-336BA5492112}.Debug|x64.ActiveCfg = Debug|x64
		{8902A8D6-1A09-4A13-986C-336BA5492112}.Debug|x64.Build.0 = Debug|x64
		{8902A8D6-1A09-4A13-986C-336BA5492112}.Debug|x86.ActiveCfg = Debug|Win32
		{8902A8D6-1A09-4A13-986C-336BA5492112}.Debug|x86.Build.0 = Debug|Win32
		{8902A8D6-1A09-4A13-986C-336BA5492112}.Release|x64.ActiveCfg = Release|x64
		{8902A8D6-1A09-4A13-986C-336BA5492112}.Release|x64.Build.0 = Release|x64
		{8902A8D6-1A09-4A13-986C-336BA5492112}.Release|x86.ActiveCfg = Release|Win32
		{8902A8D6-1A09-4A13-986C-336BA5492112}.Release|x86.Build.0 = Release|Win32
		{1FDF05C3-D3C8-4E5E-861C-1389F8D3782A}.Debug|x64.ActiveCfg = Debug|x64
		{1FDF05C3-D3C8-4E5E-861C-1389F8D3782A}.Debug|x64.Build.0 = Debug|x64
		{1FDF05C3-D3C8-4E5E-861C-1389F8D3782A}.Debug|x86.ActiveCfg = Debug|Win32
		{1FDF05C3-D3C8-4E5E-861C-1389F8D3782A}.Debug|x86.Build.0 = Debug|Win32
		{1FDF05C3-D3C8-4E5E-861C-1389F8D3782A}.Release|x64.ActiveCfg = Release|x64
		{1FDF05C3-D3C8-4E5E-861C-1389F8D3782A}.Release|x64.Build.0 = Release|x64
		{1FDF05C3-D3C8-4E5E-861C-1389F8D3782A}.Release|x86.ActiveCfg = Release|Win32
		{1FDF05C3-D3C8-4E5E-861C-1389F8D3782A}.Release|x86.Build.0 = Release|Win32
		{C8FE331A-1F1B-46A4-A0DF-BC41281BBE80}.Debug|x64.ActiveCfg = Debug|x64
		{C8FE331A-1F1B-46A4-A0DF-BC41281BBE80}.Debug|x64.Build.0 = Debug|x64
		{C8FE331A-1F1B-46A4-A0DF-BC41281BBE80}.Debug|x86.ActiveCfg = Debug|Win32
		{C8FE331A-1F1B-46A4-A0DF-BC41281BBE80}.Debug|x86.Build.0 = Debug|Win32
		{C8FE331A-1F1B-46A4-A0DF-BC41281BBE80}.Release|x64.ActiveCfg = Release|x64
		{C8FE331A-1F1B-46A4-A0DF-BC41281BBE80}.Release|x64.Build.0 = Release|x64
		{C8FE331A-1F1B-46A4-A0DF-BC41281BBE80}.Release|x86.ActiveCfg = Release|Win32
		{C8FE331A-1F1B-46A4-A0DF-BC41281BBE80}.Release|x86.Build.0 = Release|Win32
		{687825F4-9274-43E3-AA46-686877227061}.Debug|x64.ActiveCfg = Debug|x64
		{687825F4-9274-43E3-AA46-686877227061}.Debug|x64.Build.0 = Debug|x64
		{687825F4-9274-43E3-AA46-686877227061}.Debug|x86.ActiveCfg = Debug|Win32
		{687825F4-9274-43E3-AA46-686877227061}.Debug|x86.Build.0 = Debug|Win32
		{687825F4-9274-43E3-AA46-686877227061}.Release|x64.ActiveCfg = Release|x64
		{687825F4-9274-43E3-AA46-686877227061}.Release|x64.Build.0 = Release|x64
		{687825F4-9274-43E3-AA46-686877227061}.Release|x86.ActiveCfg = Release|Win32
		{687825F4-9274-43E3-AA46-686877227061}.Release|x86.Build.0 = Release|Win32
	EndGlobalSection
	GlobalSection(SolutionProperties) = preSolution
		HideSolutionNode = FALSE
	EndGlobalSection
	GlobalSection(ExtensibilityGlobals) = postSolution
		SolutionGuid = {09698098-8985-4C28-A125-1E4A98A7B67F}
	EndGlobalSection
EndGlobal
