
Microsoft Visual Studio Solution File, Format Version 12.00
# Visual Studio 15
VisualStudioVersion = 15.0.28307.1000
MinimumVisualStudioVersion = 10.0.40219.1
Project("{8BC9CEB8-8B4A-11D0-8D11-00A0C91BC942}") = "LG2_Q1", "LG2_Q1\LG2_Q1.vcxproj", "{576B7E33-F69F-46B8-A59C-BAA57FAF79A6}"
EndProject
Project("{8BC9CEB8-8B4A-11D0-8D11-00A0C91BC942}") = "LG2_Q1b", "LG2_Q1b\LG2_Q1b.vcxproj", "{59CC0D4F-D1C9-4651-AC34-408FE924E88A}"
EndProject
Project("{8BC9CEB8-8B4A-11D0-8D11-00A0C91BC942}") = "LG2_Q2", "LG2_Q2\LG2_Q2.vcxproj", "{9A90FF51-33B4-42C8-899C-B5169C5098D4}"
EndProject
Project("{8BC9CEB8-8B4A-11D0-8D11-00A0C91BC942}") = "LG2_Q3", "LG2_Q3\LG2_Q3.vcxproj", "{F957A64D-D706-432A-8666-DDD0A0638A68}"
EndProject
Project("{8BC9CEB8-8B4A-11D0-8D11-00A0C91BC942}") = "LG2_Q4", "LG2_Q4\LG2_Q4.vcxproj", "{FF42C35A-706C-4849-8A2A-2B367D5AD519}"
EndProject
Project("{8BC9CEB8-8B4A-11D0-8D11-00A0C91BC942}") = "LG2_AQ1", "LG2_AQ1\LG2_AQ1.vcxproj", "{17A7C2E4-0B09-4B6B-82D0-F2313B76194D}"
EndProject
Project("{8BC9CEB8-8B4A-11D0-8D11-00A0C91BC942}") = "LG2_AQ2", "LG2_AQ2\LG2_AQ2.vcxproj", "{A24C64C2-8694-4E49-BDBD-C45BE8672751}"
EndProject
Global
	GlobalSection(SolutionConfigurationPlatforms) = preSolution
		Debug|x64 = Debug|x64
		Debug|x86 = Debug|x86
		Release|x64 = Release|x64
		Release|x86 = Release|x86
	EndGlobalSection
	GlobalSection(ProjectConfigurationPlatforms) = postSolution
		{576B7E33-F69F-46B8-A59C-BAA57FAF79A6}.Debug|x64.ActiveCfg = Debug|x64
		{576B7E33-F69F-46B8-A59C-BAA57FAF79A6}.Debug|x64.Build.0 = Debug|x64
		{576B7E33-F69F-46B8-A59C-BAA57FAF79A6}.Debug|x86.ActiveCfg = Debug|Win32
		{576B7E33-F69F-46B8-A59C-BAA57FAF79A6}.Debug|x86.Build.0 = Debug|Win32
		{576B7E33-F69F-46B8-A59C-BAA57FAF79A6}.Release|x64.ActiveCfg = Release|x64
		{576B7E33-F69F-46B8-A59C-BAA57FAF79A6}.Release|x64.Build.0 = Release|x64
		{576B7E33-F69F-46B8-A59C-BAA57FAF79A6}.Release|x86.ActiveCfg = Release|Win32
		{576B7E33-F69F-46B8-A59C-BAA57FAF79A6}.Release|x86.Build.0 = Release|Win32
		{59CC0D4F-D1C9-4651-AC34-408FE924E88A}.Debug|x64.ActiveCfg = Debug|x64
		{59CC0D4F-D1C9-4651-AC34-408FE924E88A}.Debug|x64.Build.0 = Debug|x64
		{59CC0D4F-D1C9-4651-AC34-408FE924E88A}.Debug|x86.ActiveCfg = Debug|Win32
		{59CC0D4F-D1C9-4651-AC34-408FE924E88A}.Debug|x86.Build.0 = Debug|Win32
		{59CC0D4F-D1C9-4651-AC34-408FE924E88A}.Release|x64.ActiveCfg = Release|x64
		{59CC0D4F-D1C9-4651-AC34-408FE924E88A}.Release|x64.Build.0 = Release|x64
		{59CC0D4F-D1C9-4651-AC34-408FE924E88A}.Release|x86.ActiveCfg = Release|Win32
		{59CC0D4F-D1C9-4651-AC34-408FE924E88A}.Release|x86.Build.0 = Release|Win32
		{9A90FF51-33B4-42C8-899C-B5169C5098D4}.Debug|x64.ActiveCfg = Debug|x64
		{9A90FF51-33B4-42C8-899C-B5169C5098D4}.Debug|x64.Build.0 = Debug|x64
		{9A90FF51-33B4-42C8-899C-B5169C5098D4}.Debug|x86.ActiveCfg = Debug|Win32
		{9A90FF51-33B4-42C8-899C-B5169C5098D4}.Debug|x86.Build.0 = Debug|Win32
		{9A90FF51-33B4-42C8-899C-B5169C5098D4}.Release|x64.ActiveCfg = Release|x64
		{9A90FF51-33B4-42C8-899C-B5169C5098D4}.Release|x64.Build.0 = Release|x64
		{9A90FF51-33B4-42C8-899C-B5169C5098D4}.Release|x86.ActiveCfg = Release|Win32
		{9A90FF51-33B4-42C8-899C-B5169C5098D4}.Release|x86.Build.0 = Release|Win32
		{F957A64D-D706-432A-8666-DDD0A0638A68}.Debug|x64.ActiveCfg = Debug|x64
		{F957A64D-D706-432A-8666-DDD0A0638A68}.Debug|x64.Build.0 = Debug|x64
		{F957A64D-D706-432A-8666-DDD0A0638A68}.Debug|x86.ActiveCfg = Debug|Win32
		{F957A64D-D706-432A-8666-DDD0A0638A68}.Debug|x86.Build.0 = Debug|Win32
		{F957A64D-D706-432A-8666-DDD0A0638A68}.Release|x64.ActiveCfg = Release|x64
		{F957A64D-D706-432A-8666-DDD0A0638A68}.Release|x64.Build.0 = Release|x64
		{F957A64D-D706-432A-8666-DDD0A0638A68}.Release|x86.ActiveCfg = Release|Win32
		{F957A64D-D706-432A-8666-DDD0A0638A68}.Release|x86.Build.0 = Release|Win32
		{FF42C35A-706C-4849-8A2A-2B367D5AD519}.Debug|x64.ActiveCfg = Debug|x64
		{FF42C35A-706C-4849-8A2A-2B367D5AD519}.Debug|x64.Build.0 = Debug|x64
		{FF42C35A-706C-4849-8A2A-2B367D5AD519}.Debug|x86.ActiveCfg = Debug|Win32
		{FF42C35A-706C-4849-8A2A-2B367D5AD519}.Debug|x86.Build.0 = Debug|Win32
		{FF42C35A-706C-4849-8A2A-2B367D5AD519}.Release|x64.ActiveCfg = Release|x64
		{FF42C35A-706C-4849-8A2A-2B367D5AD519}.Release|x64.Build.0 = Release|x64
		{FF42C35A-706C-4849-8A2A-2B367D5AD519}.Release|x86.ActiveCfg = Release|Win32
		{FF42C35A-706C-4849-8A2A-2B367D5AD519}.Release|x86.Build.0 = Release|Win32
		{17A7C2E4-0B09-4B6B-82D0-F2313B76194D}.Debug|x64.ActiveCfg = Debug|x64
		{17A7C2E4-0B09-4B6B-82D0-F2313B76194D}.Debug|x64.Build.0 = Debug|x64
		{17A7C2E4-0B09-4B6B-82D0-F2313B76194D}.Debug|x86.ActiveCfg = Debug|Win32
		{17A7C2E4-0B09-4B6B-82D0-F2313B76194D}.Debug|x86.Build.0 = Debug|Win32
		{17A7C2E4-0B09-4B6B-82D0-F2313B76194D}.Release|x64.ActiveCfg = Release|x64
		{17A7C2E4-0B09-4B6B-82D0-F2313B76194D}.Release|x64.Build.0 = Release|x64
		{17A7C2E4-0B09-4B6B-82D0-F2313B76194D}.Release|x86.ActiveCfg = Release|Win32
		{17A7C2E4-0B09-4B6B-82D0-F2313B76194D}.Release|x86.Build.0 = Release|Win32
		{A24C64C2-8694-4E49-BDBD-C45BE8672751}.Debug|x64.ActiveCfg = Debug|x64
		{A24C64C2-8694-4E49-BDBD-C45BE8672751}.Debug|x64.Build.0 = Debug|x64
		{A24C64C2-8694-4E49-BDBD-C45BE8672751}.Debug|x86.ActiveCfg = Debug|Win32
		{A24C64C2-8694-4E49-BDBD-C45BE8672751}.Debug|x86.Build.0 = Debug|Win32
		{A24C64C2-8694-4E49-BDBD-C45BE8672751}.Release|x64.ActiveCfg = Release|x64
		{A24C64C2-8694-4E49-BDBD-C45BE8672751}.Release|x64.Build.0 = Release|x64
		{A24C64C2-8694-4E49-BDBD-C45BE8672751}.Release|x86.ActiveCfg = Release|Win32
		{A24C64C2-8694-4E49-BDBD-C45BE8672751}.Release|x86.Build.0 = Release|Win32
	EndGlobalSection
	GlobalSection(SolutionProperties) = preSolution
		HideSolutionNode = FALSE
	EndGlobalSection
	GlobalSection(ExtensibilityGlobals) = postSolution
		SolutionGuid = {FBB7B3E8-5123-4B01-8685-47756D7AF58F}
	EndGlobalSection
EndGlobal
