
Microsoft Visual Studio Solution File, Format Version 12.00
# Visual Studio 15
VisualStudioVersion = 15.0.35431.46
MinimumVisualStudioVersion = 10.0.40219.1
Project("{8BC9CEB8-8B4A-11D0-8D11-00A0C91BC942}") = "LG15_Q1", "LG15_Q1\LG15_Q1.vcxproj", "{399C5E21-F855-492B-ABEB-BEE63CA18222}"
EndProject
Project("{8BC9CEB8-8B4A-11D0-8D11-00A0C91BC942}") = "LG15_Q2", "LG15_Q2\LG15_Q2.vcxproj", "{57ADA737-C27C-4BB1-ABFC-8F8661803BB5}"
EndProject
Project("{8BC9CEB8-8B4A-11D0-8D11-00A0C91BC942}") = "LG15_Q3", "LG15_Q3\LG15_Q3.vcxproj", "{5A11694E-F9A0-42CD-B429-F92081E25E44}"
EndProject
Project("{8BC9CEB8-8B4A-11D0-8D11-00A0C91BC942}") = "LG15_Q4", "LG15_Q4\LG15_Q4.vcxproj", "{3F46385B-71AC-433C-ABEC-1AEC1DFE9F96}"
EndProject
Project("{8BC9CEB8-8B4A-11D0-8D11-00A0C91BC942}") = "LG15_AQ1", "LG15_AQ1\LG15_AQ1.vcxproj", "{9B1E989F-F603-4DB4-9F02-F5E73E800E0F}"
EndProject
Project("{8BC9CEB8-8B4A-11D0-8D11-00A0C91BC942}") = "LG15_AQ2", "LG15_AQ2\LG15_AQ2.vcxproj", "{96837A41-D20D-4481-BC7B-56ADB658BFDB}"
EndProject
Global
	GlobalSection(SolutionConfigurationPlatforms) = preSolution
		Debug|x64 = Debug|x64
		Debug|x86 = Debug|x86
		Release|x64 = Release|x64
		Release|x86 = Release|x86
	EndGlobalSection
	GlobalSection(ProjectConfigurationPlatforms) = postSolution
		{399C5E21-F855-492B-ABEB-BEE63CA18222}.Debug|x64.ActiveCfg = Debug|x64
		{399C5E21-F855-492B-ABEB-BEE63CA18222}.Debug|x64.Build.0 = Debug|x64
		{399C5E21-F855-492B-ABEB-BEE63CA18222}.Debug|x86.ActiveCfg = Debug|Win32
		{399C5E21-F855-492B-ABEB-BEE63CA18222}.Debug|x86.Build.0 = Debug|Win32
		{399C5E21-F855-492B-ABEB-BEE63CA18222}.Release|x64.ActiveCfg = Release|x64
		{399C5E21-F855-492B-ABEB-BEE63CA18222}.Release|x64.Build.0 = Release|x64
		{399C5E21-F855-492B-ABEB-BEE63CA18222}.Release|x86.ActiveCfg = Release|Win32
		{399C5E21-F855-492B-ABEB-BEE63CA18222}.Release|x86.Build.0 = Release|Win32
		{57ADA737-C27C-4BB1-ABFC-8F8661803BB5}.Debug|x64.ActiveCfg = Debug|x64
		{57ADA737-C27C-4BB1-ABFC-8F8661803BB5}.Debug|x64.Build.0 = Debug|x64
		{57ADA737-C27C-4BB1-ABFC-8F8661803BB5}.Debug|x86.ActiveCfg = Debug|Win32
		{57ADA737-C27C-4BB1-ABFC-8F8661803BB5}.Debug|x86.Build.0 = Debug|Win32
		{57ADA737-C27C-4BB1-ABFC-8F8661803BB5}.Release|x64.ActiveCfg = Release|x64
		{57ADA737-C27C-4BB1-ABFC-8F8661803BB5}.Release|x64.Build.0 = Release|x64
		{57ADA737-C27C-4BB1-ABFC-8F8661803BB5}.Release|x86.ActiveCfg = Release|Win32
		{57ADA737-C27C-4BB1-ABFC-8F8661803BB5}.Release|x86.Build.0 = Release|Win32
		{5A11694E-F9A0-42CD-B429-F92081E25E44}.Debug|x64.ActiveCfg = Debug|x64
		{5A11694E-F9A0-42CD-B429-F92081E25E44}.Debug|x64.Build.0 = Debug|x64
		{5A11694E-F9A0-42CD-B429-F92081E25E44}.Debug|x86.ActiveCfg = Debug|Win32
		{5A11694E-F9A0-42CD-B429-F92081E25E44}.Debug|x86.Build.0 = Debug|Win32
		{5A11694E-F9A0-42CD-B429-F92081E25E44}.Release|x64.ActiveCfg = Release|x64
		{5A11694E-F9A0-42CD-B429-F92081E25E44}.Release|x64.Build.0 = Release|x64
		{5A11694E-F9A0-42CD-B429-F92081E25E44}.Release|x86.ActiveCfg = Release|Win32
		{5A11694E-F9A0-42CD-B429-F92081E25E44}.Release|x86.Build.0 = Release|Win32
		{3F46385B-71AC-433C-ABEC-1AEC1DFE9F96}.Debug|x64.ActiveCfg = Debug|x64
		{3F46385B-71AC-433C-ABEC-1AEC1DFE9F96}.Debug|x64.Build.0 = Debug|x64
		{3F46385B-71AC-433C-ABEC-1AEC1DFE9F96}.Debug|x86.ActiveCfg = Debug|Win32
		{3F46385B-71AC-433C-ABEC-1AEC1DFE9F96}.Debug|x86.Build.0 = Debug|Win32
		{3F46385B-71AC-433C-ABEC-1AEC1DFE9F96}.Release|x64.ActiveCfg = Release|x64
		{3F46385B-71AC-433C-ABEC-1AEC1DFE9F96}.Release|x64.Build.0 = Release|x64
		{3F46385B-71AC-433C-ABEC-1AEC1DFE9F96}.Release|x86.ActiveCfg = Release|Win32
		{3F46385B-71AC-433C-ABEC-1AEC1DFE9F96}.Release|x86.Build.0 = Release|Win32
		{9B1E989F-F603-4DB4-9F02-F5E73E800E0F}.Debug|x64.ActiveCfg = Debug|x64
		{9B1E989F-F603-4DB4-9F02-F5E73E800E0F}.Debug|x64.Build.0 = Debug|x64
		{9B1E989F-F603-4DB4-9F02-F5E73E800E0F}.Debug|x86.ActiveCfg = Debug|Win32
		{9B1E989F-F603-4DB4-9F02-F5E73E800E0F}.Debug|x86.Build.0 = Debug|Win32
		{9B1E989F-F603-4DB4-9F02-F5E73E800E0F}.Release|x64.ActiveCfg = Release|x64
		{9B1E989F-F603-4DB4-9F02-F5E73E800E0F}.Release|x64.Build.0 = Release|x64
		{9B1E989F-F603-4DB4-9F02-F5E73E800E0F}.Release|x86.ActiveCfg = Release|Win32
		{9B1E989F-F603-4DB4-9F02-F5E73E800E0F}.Release|x86.Build.0 = Release|Win32
		{96837A41-D20D-4481-BC7B-56ADB658BFDB}.Debug|x64.ActiveCfg = Debug|x64
		{96837A41-D20D-4481-BC7B-56ADB658BFDB}.Debug|x64.Build.0 = Debug|x64
		{96837A41-D20D-4481-BC7B-56ADB658BFDB}.Debug|x86.ActiveCfg = Debug|Win32
		{96837A41-D20D-4481-BC7B-56ADB658BFDB}.Debug|x86.Build.0 = Debug|Win32
		{96837A41-D20D-4481-BC7B-56ADB658BFDB}.Release|x64.ActiveCfg = Release|x64
		{96837A41-D20D-4481-BC7B-56ADB658BFDB}.Release|x64.Build.0 = Release|x64
		{96837A41-D20D-4481-BC7B-56ADB658BFDB}.Release|x86.ActiveCfg = Release|Win32
		{96837A41-D20D-4481-BC7B-56ADB658BFDB}.Release|x86.Build.0 = Release|Win32
	EndGlobalSection
	GlobalSection(SolutionProperties) = preSolution
		HideSolutionNode = FALSE
	EndGlobalSection
	GlobalSection(ExtensibilityGlobals) = postSolution
		SolutionGuid = {B65972A1-2FF5-45C4-AB25-B4AEB6012356}
	EndGlobalSection
EndGlobal
