
Microsoft Visual Studio Solution File, Format Version 12.00
# Visual Studio 15
VisualStudioVersion = 15.0.28307.1321
MinimumVisualStudioVersion = 10.0.40219.1
Project("{8BC9CEB8-8B4A-11D0-8D11-00A0C91BC942}") = "LG14_1a", "LG14_1a\LG14_1a.vcxproj", "{18196DAE-3C07-4811-8437-4B3C9594BCE4}"
EndProject
Project("{8BC9CEB8-8B4A-11D0-8D11-00A0C91BC942}") = "LG14_1b", "LG14_1b\LG14_1b.vcxproj", "{E73D8E0E-3FAE-4AAC-BB24-AB37B9C5BE56}"
EndProject
Project("{8BC9CEB8-8B4A-11D0-8D11-00A0C91BC942}") = "LG14_2a", "LG14_2a\LG14_2a.vcxproj", "{C07D6B07-1777-4446-BB00-1B14236D8AFB}"
EndProject
Project("{8BC9CEB8-8B4A-11D0-8D11-00A0C91BC942}") = "LG14_2b", "LG14_2b\LG14_2b.vcxproj", "{295C7132-1018-454A-8F01-DD6ABE6ECC14}"
EndProject
Project("{8BC9CEB8-8B4A-11D0-8D11-00A0C91BC942}") = "LG14_2c", "LG14_2c\LG14_2c.vcxproj", "{048739B3-7B2B-4E81-8C1F-467D37448248}"
EndProject
Project("{8BC9CEB8-8B4A-11D0-8D11-00A0C91BC942}") = "LG14_2d", "LG14_2d\LG14_2d.vcxproj", "{E2D1D164-7230-46B0-A827-2827CEBEEBD9}"
EndProject
Project("{8BC9CEB8-8B4A-11D0-8D11-00A0C91BC942}") = "LG14_AQ1", "LG14_Aq1\LG14_Aq1.vcxproj", "{678386B2-B289-4333-8359-84513C509065}"
EndProject
Project("{8BC9CEB8-8B4A-11D0-8D11-00A0C91BC942}") = "LG14_AQ2", "LG14_AQ2\LG14_AQ2.vcxproj", "{75872A8C-AD5B-4D42-8656-1F26780BA838}"
EndProject
Project("{8BC9CEB8-8B4A-11D0-8D11-00A0C91BC942}") = "LG14_3a", "LG14_3a\LG14_3a.vcxproj", "{9012EC29-ACF6-4EF0-97F0-10640AB8A2E5}"
EndProject
Project("{8BC9CEB8-8B4A-11D0-8D11-00A0C91BC942}") = "LG14_3b", "LG14_3b\LG14_3b.vcxproj", "{0948FDC3-1649-4859-8CAD-8DAB0B2C90E8}"
EndProject
Project("{8BC9CEB8-8B4A-11D0-8D11-00A0C91BC942}") = "LG14_4", "LG14_4\LG14_4.vcxproj", "{EAD54C27-D796-4A9A-9C18-0B1A2012D133}"
EndProject
Global
	GlobalSection(SolutionConfigurationPlatforms) = preSolution
		Debug|x64 = Debug|x64
		Debug|x86 = Debug|x86
		Release|x64 = Release|x64
		Release|x86 = Release|x86
	EndGlobalSection
	GlobalSection(ProjectConfigurationPlatforms) = postSolution
		{18196DAE-3C07-4811-8437-4B3C9594BCE4}.Debug|x64.ActiveCfg = Debug|x64
		{18196DAE-3C07-4811-8437-4B3C9594BCE4}.Debug|x64.Build.0 = Debug|x64
		{18196DAE-3C07-4811-8437-4B3C9594BCE4}.Debug|x86.ActiveCfg = Debug|Win32
		{18196DAE-3C07-4811-8437-4B3C9594BCE4}.Debug|x86.Build.0 = Debug|Win32
		{18196DAE-3C07-4811-8437-4B3C9594BCE4}.Release|x64.ActiveCfg = Release|x64
		{18196DAE-3C07-4811-8437-4B3C9594BCE4}.Release|x64.Build.0 = Release|x64
		{18196DAE-3C07-4811-8437-4B3C9594BCE4}.Release|x86.ActiveCfg = Release|Win32
		{18196DAE-3C07-4811-8437-4B3C9594BCE4}.Release|x86.Build.0 = Release|Win32
		{E73D8E0E-3FAE-4AAC-BB24-AB37B9C5BE56}.Debug|x64.ActiveCfg = Debug|x64
		{E73D8E0E-3FAE-4AAC-BB24-AB37B9C5BE56}.Debug|x64.Build.0 = Debug|x64
		{E73D8E0E-3FAE-4AAC-BB24-AB37B9C5BE56}.Debug|x86.ActiveCfg = Debug|Win32
		{E73D8E0E-3FAE-4AAC-BB24-AB37B9C5BE56}.Debug|x86.Build.0 = Debug|Win32
		{E73D8E0E-3FAE-4AAC-BB24-AB37B9C5BE56}.Release|x64.ActiveCfg = Release|x64
		{E73D8E0E-3FAE-4AAC-BB24-AB37B9C5BE56}.Release|x64.Build.0 = Release|x64
		{E73D8E0E-3FAE-4AAC-BB24-AB37B9C5BE56}.Release|x86.ActiveCfg = Release|Win32
		{E73D8E0E-3FAE-4AAC-BB24-AB37B9C5BE56}.Release|x86.Build.0 = Release|Win32
		{C07D6B07-1777-4446-BB00-1B14236D8AFB}.Debug|x64.ActiveCfg = Debug|x64
		{C07D6B07-1777-4446-BB00-1B14236D8AFB}.Debug|x64.Build.0 = Debug|x64
		{C07D6B07-1777-4446-BB00-1B14236D8AFB}.Debug|x86.ActiveCfg = Debug|Win32
		{C07D6B07-1777-4446-BB00-1B14236D8AFB}.Debug|x86.Build.0 = Debug|Win32
		{C07D6B07-1777-4446-BB00-1B14236D8AFB}.Release|x64.ActiveCfg = Release|x64
		{C07D6B07-1777-4446-BB00-1B14236D8AFB}.Release|x64.Build.0 = Release|x64
		{C07D6B07-1777-4446-BB00-1B14236D8AFB}.Release|x86.ActiveCfg = Release|Win32
		{C07D6B07-1777-4446-BB00-1B14236D8AFB}.Release|x86.Build.0 = Release|Win32
		{295C7132-1018-454A-8F01-DD6ABE6ECC14}.Debug|x64.ActiveCfg = Debug|x64
		{295C7132-1018-454A-8F01-DD6ABE6ECC14}.Debug|x64.Build.0 = Debug|x64
		{295C7132-1018-454A-8F01-DD6ABE6ECC14}.Debug|x86.ActiveCfg = Debug|Win32
		{295C7132-1018-454A-8F01-DD6ABE6ECC14}.Debug|x86.Build.0 = Debug|Win32
		{295C7132-1018-454A-8F01-DD6ABE6ECC14}.Release|x64.ActiveCfg = Release|x64
		{295C7132-1018-454A-8F01-DD6ABE6ECC14}.Release|x64.Build.0 = Release|x64
		{295C7132-1018-454A-8F01-DD6ABE6ECC14}.Release|x86.ActiveCfg = Release|Win32
		{295C7132-1018-454A-8F01-DD6ABE6ECC14}.Release|x86.Build.0 = Release|Win32
		{048739B3-7B2B-4E81-8C1F-467D37448248}.Debug|x64.ActiveCfg = Debug|x64
		{048739B3-7B2B-4E81-8C1F-467D37448248}.Debug|x64.Build.0 = Debug|x64
		{048739B3-7B2B-4E81-8C1F-467D37448248}.Debug|x86.ActiveCfg = Debug|Win32
		{048739B3-7B2B-4E81-8C1F-467D37448248}.Debug|x86.Build.0 = Debug|Win32
		{048739B3-7B2B-4E81-8C1F-467D37448248}.Release|x64.ActiveCfg = Release|x64
		{048739B3-7B2B-4E81-8C1F-467D37448248}.Release|x64.Build.0 = Release|x64
		{048739B3-7B2B-4E81-8C1F-467D37448248}.Release|x86.ActiveCfg = Release|Win32
		{048739B3-7B2B-4E81-8C1F-467D37448248}.Release|x86.Build.0 = Release|Win32
		{E2D1D164-7230-46B0-A827-2827CEBEEBD9}.Debug|x64.ActiveCfg = Debug|x64
		{E2D1D164-7230-46B0-A827-2827CEBEEBD9}.Debug|x64.Build.0 = Debug|x64
		{E2D1D164-7230-46B0-A827-2827CEBEEBD9}.Debug|x86.ActiveCfg = Debug|Win32
		{E2D1D164-7230-46B0-A827-2827CEBEEBD9}.Debug|x86.Build.0 = Debug|Win32
		{E2D1D164-7230-46B0-A827-2827CEBEEBD9}.Release|x64.ActiveCfg = Release|x64
		{E2D1D164-7230-46B0-A827-2827CEBEEBD9}.Release|x64.Build.0 = Release|x64
		{E2D1D164-7230-46B0-A827-2827CEBEEBD9}.Release|x86.ActiveCfg = Release|Win32
		{E2D1D164-7230-46B0-A827-2827CEBEEBD9}.Release|x86.Build.0 = Release|Win32
		{678386B2-B289-4333-8359-84513C509065}.Debug|x64.ActiveCfg = Debug|x64
		{678386B2-B289-4333-8359-84513C509065}.Debug|x64.Build.0 = Debug|x64
		{678386B2-B289-4333-8359-84513C509065}.Debug|x86.ActiveCfg = Debug|Win32
		{678386B2-B289-4333-8359-84513C509065}.Debug|x86.Build.0 = Debug|Win32
		{678386B2-B289-4333-8359-84513C509065}.Release|x64.ActiveCfg = Release|x64
		{678386B2-B289-4333-8359-84513C509065}.Release|x64.Build.0 = Release|x64
		{678386B2-B289-4333-8359-84513C509065}.Release|x86.ActiveCfg = Release|Win32
		{678386B2-B289-4333-8359-84513C509065}.Release|x86.Build.0 = Release|Win32
		{75872A8C-AD5B-4D42-8656-1F26780BA838}.Debug|x64.ActiveCfg = Debug|x64
		{75872A8C-AD5B-4D42-8656-1F26780BA838}.Debug|x64.Build.0 = Debug|x64
		{75872A8C-AD5B-4D42-8656-1F26780BA838}.Debug|x86.ActiveCfg = Debug|Win32
		{75872A8C-AD5B-4D42-8656-1F26780BA838}.Debug|x86.Build.0 = Debug|Win32
		{75872A8C-AD5B-4D42-8656-1F26780BA838}.Release|x64.ActiveCfg = Release|x64
		{75872A8C-AD5B-4D42-8656-1F26780BA838}.Release|x64.Build.0 = Release|x64
		{75872A8C-AD5B-4D42-8656-1F26780BA838}.Release|x86.ActiveCfg = Release|Win32
		{75872A8C-AD5B-4D42-8656-1F26780BA838}.Release|x86.Build.0 = Release|Win32
		{9012EC29-ACF6-4EF0-97F0-10640AB8A2E5}.Debug|x64.ActiveCfg = Debug|x64
		{9012EC29-ACF6-4EF0-97F0-10640AB8A2E5}.Debug|x64.Build.0 = Debug|x64
		{9012EC29-ACF6-4EF0-97F0-10640AB8A2E5}.Debug|x86.ActiveCfg = Debug|Win32
		{9012EC29-ACF6-4EF0-97F0-10640AB8A2E5}.Debug|x86.Build.0 = Debug|Win32
		{9012EC29-ACF6-4EF0-97F0-10640AB8A2E5}.Release|x64.ActiveCfg = Release|x64
		{9012EC29-ACF6-4EF0-97F0-10640AB8A2E5}.Release|x64.Build.0 = Release|x64
		{9012EC29-ACF6-4EF0-97F0-10640AB8A2E5}.Release|x86.ActiveCfg = Release|Win32
		{9012EC29-ACF6-4EF0-97F0-10640AB8A2E5}.Release|x86.Build.0 = Release|Win32
		{0948FDC3-1649-4859-8CAD-8DAB0B2C90E8}.Debug|x64.ActiveCfg = Debug|x64
		{0948FDC3-1649-4859-8CAD-8DAB0B2C90E8}.Debug|x64.Build.0 = Debug|x64
		{0948FDC3-1649-4859-8CAD-8DAB0B2C90E8}.Debug|x86.ActiveCfg = Debug|Win32
		{0948FDC3-1649-4859-8CAD-8DAB0B2C90E8}.Debug|x86.Build.0 = Debug|Win32
		{0948FDC3-1649-4859-8CAD-8DAB0B2C90E8}.Release|x64.ActiveCfg = Release|x64
		{0948FDC3-1649-4859-8CAD-8DAB0B2C90E8}.Release|x64.Build.0 = Release|x64
		{0948FDC3-1649-4859-8CAD-8DAB0B2C90E8}.Release|x86.ActiveCfg = Release|Win32
		{0948FDC3-1649-4859-8CAD-8DAB0B2C90E8}.Release|x86.Build.0 = Release|Win32
		{EAD54C27-D796-4A9A-9C18-0B1A2012D133}.Debug|x64.ActiveCfg = Debug|x64
		{EAD54C27-D796-4A9A-9C18-0B1A2012D133}.Debug|x64.Build.0 = Debug|x64
		{EAD54C27-D796-4A9A-9C18-0B1A2012D133}.Debug|x86.ActiveCfg = Debug|Win32
		{EAD54C27-D796-4A9A-9C18-0B1A2012D133}.Debug|x86.Build.0 = Debug|Win32
		{EAD54C27-D796-4A9A-9C18-0B1A2012D133}.Release|x64.ActiveCfg = Release|x64
		{EAD54C27-D796-4A9A-9C18-0B1A2012D133}.Release|x64.Build.0 = Release|x64
		{EAD54C27-D796-4A9A-9C18-0B1A2012D133}.Release|x86.ActiveCfg = Release|Win32
		{EAD54C27-D796-4A9A-9C18-0B1A2012D133}.Release|x86.Build.0 = Release|Win32
	EndGlobalSection
	GlobalSection(SolutionProperties) = preSolution
		HideSolutionNode = FALSE
	EndGlobalSection
	GlobalSection(ExtensibilityGlobals) = postSolution
		SolutionGuid = {C4422471-4866-4C00-94BB-F1D63B025382}
	EndGlobalSection
EndGlobal
