
Microsoft Visual Studio Solution File, Format Version 12.00
# Visual Studio 15
VisualStudioVersion = 15.0.28307.1340
MinimumVisualStudioVersion = 10.0.40219.1
Project("{8BC9CEB8-8B4A-11D0-8D11-00A0C91BC942}") = "LG4_Q2a", "LG4_Q2a\LG4_Q2a.vcxproj", "{439E3D71-6FCA-4F0D-8B49-1D1AC77E460D}"
EndProject
Project("{8BC9CEB8-8B4A-11D0-8D11-00A0C91BC942}") = "LG4_Q2b", "LG4_Q2b\LG4_Q2b.vcxproj", "{DB5E7921-3922-40BD-8B68-EF79C5099F10}"
EndProject
Project("{8BC9CEB8-8B4A-11D0-8D11-00A0C91BC942}") = "LG4_Q2c", "LG4_Q2c\LG4_Q2c.vcxproj", "{6148C567-E3CB-456C-ABD1-356427178B23}"
EndProject
Project("{8BC9CEB8-8B4A-11D0-8D11-00A0C91BC942}") = "LG4_Q2d", "LG4_Q2d\LG4_Q2d.vcxproj", "{8E7D16C4-9CA0-44E3-B0B6-5FB53EC486F1}"
EndProject
Project("{8BC9CEB8-8B4A-11D0-8D11-00A0C91BC942}") = "LG4_Q3", "LG4_Q3\LG4_Q3.vcxproj", "{02306397-261B-460D-8D09-5A10FAED11FD}"
EndProject
Project("{8BC9CEB8-8B4A-11D0-8D11-00A0C91BC942}") = "LG4_AQ1", "LG4_AQ\LG4_AQ.vcxproj", "{515DD38C-24DE-4CCF-A0A7-FC0194C181B4}"
EndProject
Project("{8BC9CEB8-8B4A-11D0-8D11-00A0C91BC942}") = "LG4_Q1", "LG4_Q1\LG4_Q1.vcxproj", "{597A4BAD-4326-4557-90F7-F1645F639858}"
EndProject
Project("{8BC9CEB8-8B4A-11D0-8D11-00A0C91BC942}") = "LG4_AQ2", "LG4_AQ2\LG4_AQ2.vcxproj", "{3AE054BE-775B-4F25-877C-7288512C9F9A}"
EndProject
Global
	GlobalSection(SolutionConfigurationPlatforms) = preSolution
		Debug|x64 = Debug|x64
		Debug|x86 = Debug|x86
		Release|x64 = Release|x64
		Release|x86 = Release|x86
	EndGlobalSection
	GlobalSection(ProjectConfigurationPlatforms) = postSolution
		{439E3D71-6FCA-4F0D-8B49-1D1AC77E460D}.Debug|x64.ActiveCfg = Debug|x64
		{439E3D71-6FCA-4F0D-8B49-1D1AC77E460D}.Debug|x64.Build.0 = Debug|x64
		{439E3D71-6FCA-4F0D-8B49-1D1AC77E460D}.Debug|x86.ActiveCfg = Debug|Win32
		{439E3D71-6FCA-4F0D-8B49-1D1AC77E460D}.Debug|x86.Build.0 = Debug|Win32
		{439E3D71-6FCA-4F0D-8B49-1D1AC77E460D}.Release|x64.ActiveCfg = Release|x64
		{439E3D71-6FCA-4F0D-8B49-1D1AC77E460D}.Release|x64.Build.0 = Release|x64
		{439E3D71-6FCA-4F0D-8B49-1D1AC77E460D}.Release|x86.ActiveCfg = Release|Win32
		{439E3D71-6FCA-4F0D-8B49-1D1AC77E460D}.Release|x86.Build.0 = Release|Win32
		{DB5E7921-3922-40BD-8B68-EF79C5099F10}.Debug|x64.ActiveCfg = Debug|x64
		{DB5E7921-3922-40BD-8B68-EF79C5099F10}.Debug|x64.Build.0 = Debug|x64
		{DB5E7921-3922-40BD-8B68-EF79C5099F10}.Debug|x86.ActiveCfg = Debug|Win32
		{DB5E7921-3922-40BD-8B68-EF79C5099F10}.Debug|x86.Build.0 = Debug|Win32
		{DB5E7921-3922-40BD-8B68-EF79C5099F10}.Release|x64.ActiveCfg = Release|x64
		{DB5E7921-3922-40BD-8B68-EF79C5099F10}.Release|x64.Build.0 = Release|x64
		{DB5E7921-3922-40BD-8B68-EF79C5099F10}.Release|x86.ActiveCfg = Release|Win32
		{DB5E7921-3922-40BD-8B68-EF79C5099F10}.Release|x86.Build.0 = Release|Win32
		{6148C567-E3CB-456C-ABD1-356427178B23}.Debug|x64.ActiveCfg = Debug|x64
		{6148C567-E3CB-456C-ABD1-356427178B23}.Debug|x64.Build.0 = Debug|x64
		{6148C567-E3CB-456C-ABD1-356427178B23}.Debug|x86.ActiveCfg = Debug|Win32
		{6148C567-E3CB-456C-ABD1-356427178B23}.Debug|x86.Build.0 = Debug|Win32
		{6148C567-E3CB-456C-ABD1-356427178B23}.Release|x64.ActiveCfg = Release|x64
		{6148C567-E3CB-456C-ABD1-356427178B23}.Release|x64.Build.0 = Release|x64
		{6148C567-E3CB-456C-ABD1-356427178B23}.Release|x86.ActiveCfg = Release|Win32
		{6148C567-E3CB-456C-ABD1-356427178B23}.Release|x86.Build.0 = Release|Win32
		{8E7D16C4-9CA0-44E3-B0B6-5FB53EC486F1}.Debug|x64.ActiveCfg = Debug|x64
		{8E7D16C4-9CA0-44E3-B0B6-5FB53EC486F1}.Debug|x64.Build.0 = Debug|x64
		{8E7D16C4-9CA0-44E3-B0B6-5FB53EC486F1}.Debug|x86.ActiveCfg = Debug|Win32
		{8E7D16C4-9CA0-44E3-B0B6-5FB53EC486F1}.Debug|x86.Build.0 = Debug|Win32
		{8E7D16C4-9CA0-44E3-B0B6-5FB53EC486F1}.Release|x64.ActiveCfg = Release|x64
		{8E7D16C4-9CA0-44E3-B0B6-5FB53EC486F1}.Release|x64.Build.0 = Release|x64
		{8E7D16C4-9CA0-44E3-B0B6-5FB53EC486F1}.Release|x86.ActiveCfg = Release|Win32
		{8E7D16C4-9CA0-44E3-B0B6-5FB53EC486F1}.Release|x86.Build.0 = Release|Win32
		{02306397-261B-460D-8D09-5A10FAED11FD}.Debug|x64.ActiveCfg = Debug|x64
		{02306397-261B-460D-8D09-5A10FAED11FD}.Debug|x64.Build.0 = Debug|x64
		{02306397-261B-460D-8D09-5A10FAED11FD}.Debug|x86.ActiveCfg = Debug|Win32
		{02306397-261B-460D-8D09-5A10FAED11FD}.Debug|x86.Build.0 = Debug|Win32
		{02306397-261B-460D-8D09-5A10FAED11FD}.Release|x64.ActiveCfg = Release|x64
		{02306397-261B-460D-8D09-5A10FAED11FD}.Release|x64.Build.0 = Release|x64
		{02306397-261B-460D-8D09-5A10FAED11FD}.Release|x86.ActiveCfg = Release|Win32
		{02306397-261B-460D-8D09-5A10FAED11FD}.Release|x86.Build.0 = Release|Win32
		{515DD38C-24DE-4CCF-A0A7-FC0194C181B4}.Debug|x64.ActiveCfg = Debug|x64
		{515DD38C-24DE-4CCF-A0A7-FC0194C181B4}.Debug|x64.Build.0 = Debug|x64
		{515DD38C-24DE-4CCF-A0A7-FC0194C181B4}.Debug|x86.ActiveCfg = Debug|Win32
		{515DD38C-24DE-4CCF-A0A7-FC0194C181B4}.Debug|x86.Build.0 = Debug|Win32
		{515DD38C-24DE-4CCF-A0A7-FC0194C181B4}.Release|x64.ActiveCfg = Release|x64
		{515DD38C-24DE-4CCF-A0A7-FC0194C181B4}.Release|x64.Build.0 = Release|x64
		{515DD38C-24DE-4CCF-A0A7-FC0194C181B4}.Release|x86.ActiveCfg = Release|Win32
		{515DD38C-24DE-4CCF-A0A7-FC0194C181B4}.Release|x86.Build.0 = Release|Win32
		{597A4BAD-4326-4557-90F7-F1645F639858}.Debug|x64.ActiveCfg = Debug|x64
		{597A4BAD-4326-4557-90F7-F1645F639858}.Debug|x64.Build.0 = Debug|x64
		{597A4BAD-4326-4557-90F7-F1645F639858}.Debug|x86.ActiveCfg = Debug|Win32
		{597A4BAD-4326-4557-90F7-F1645F639858}.Debug|x86.Build.0 = Debug|Win32
		{597A4BAD-4326-4557-90F7-F1645F639858}.Release|x64.ActiveCfg = Release|x64
		{597A4BAD-4326-4557-90F7-F1645F639858}.Release|x64.Build.0 = Release|x64
		{597A4BAD-4326-4557-90F7-F1645F639858}.Release|x86.ActiveCfg = Release|Win32
		{597A4BAD-4326-4557-90F7-F1645F639858}.Release|x86.Build.0 = Release|Win32
		{3AE054BE-775B-4F25-877C-7288512C9F9A}.Debug|x64.ActiveCfg = Debug|x64
		{3AE054BE-775B-4F25-877C-7288512C9F9A}.Debug|x64.Build.0 = Debug|x64
		{3AE054BE-775B-4F25-877C-7288512C9F9A}.Debug|x86.ActiveCfg = Debug|Win32
		{3AE054BE-775B-4F25-877C-7288512C9F9A}.Debug|x86.Build.0 = Debug|Win32
		{3AE054BE-775B-4F25-877C-7288512C9F9A}.Release|x64.ActiveCfg = Release|x64
		{3AE054BE-775B-4F25-877C-7288512C9F9A}.Release|x64.Build.0 = Release|x64
		{3AE054BE-775B-4F25-877C-7288512C9F9A}.Release|x86.ActiveCfg = Release|Win32
		{3AE054BE-775B-4F25-877C-7288512C9F9A}.Release|x86.Build.0 = Release|Win32
	EndGlobalSection
	GlobalSection(SolutionProperties) = preSolution
		HideSolutionNode = FALSE
	EndGlobalSection
	GlobalSection(ExtensibilityGlobals) = postSolution
		SolutionGuid = {DE9C460E-32A1-4116-B70D-CBD4D8D1B91F}
	EndGlobalSection
EndGlobal
