
Microsoft Visual Studio Solution File, Format Version 12.00
# Visual Studio 15
VisualStudioVersion = 15.0.28307.1022
MinimumVisualStudioVersion = 10.0.40219.1
Project("{8BC9CEB8-8B4A-11D0-8D11-00A0C91BC942}") = "LG8_Q1a", "LG08_Q1a\LG08_Q1a.vcxproj", "{095028F8-2AD8-4363-86DF-6A832EBC52B6}"
EndProject
Project("{8BC9CEB8-8B4A-11D0-8D11-00A0C91BC942}") = "LG8_AQ1", "LG8_AQ1\LG8_AQ1.vcxproj", "{F9A4B4AC-CA5E-4E53-8AB8-33A613FF55CF}"
EndProject
Project("{8BC9CEB8-8B4A-11D0-8D11-00A0C91BC942}") = "LG8_AQ2", "LG8_AQ2\LG8_AQ2.vcxproj", "{C4B9D99B-A04A-486F-9A69-F3F7A4526663}"
EndProject
Project("{8BC9CEB8-8B4A-11D0-8D11-00A0C91BC942}") = "LG8_Q1b", "LG8_Q1b\LG8_Q1b.vcxproj", "{92BFCBEA-AE8D-4347-B043-28B5A6EB17A9}"
EndProject
Project("{8BC9CEB8-8B4A-11D0-8D11-00A0C91BC942}") = "LG8_Q2a", "LG8_Q2a\LG8_Q2a.vcxproj", "{2D49414F-9B51-40FE-9024-01A22AB6F1EC}"
EndProject
Project("{8BC9CEB8-8B4A-11D0-8D11-00A0C91BC942}") = "LG8_Q2b", "LG8_Q2b\LG8_Q2b.vcxproj", "{12041E13-4367-4478-A325-B99800DEE639}"
EndProject
Project("{8BC9CEB8-8B4A-11D0-8D11-00A0C91BC942}") = "LG8_Q3", "LG8_Q3\LG8_Q3.vcxproj", "{94C61766-AB1B-49E7-ABAD-BFA4B4EC5655}"
EndProject
Global
	GlobalSection(SolutionConfigurationPlatforms) = preSolution
		Debug|x64 = Debug|x64
		Debug|x86 = Debug|x86
		Release|x64 = Release|x64
		Release|x86 = Release|x86
	EndGlobalSection
	GlobalSection(ProjectConfigurationPlatforms) = postSolution
		{095028F8-2AD8-4363-86DF-6A832EBC52B6}.Debug|x64.ActiveCfg = Debug|x64
		{095028F8-2AD8-4363-86DF-6A832EBC52B6}.Debug|x64.Build.0 = Debug|x64
		{095028F8-2AD8-4363-86DF-6A832EBC52B6}.Debug|x86.ActiveCfg = Debug|Win32
		{095028F8-2AD8-4363-86DF-6A832EBC52B6}.Debug|x86.Build.0 = Debug|Win32
		{095028F8-2AD8-4363-86DF-6A832EBC52B6}.Release|x64.ActiveCfg = Release|x64
		{095028F8-2AD8-4363-86DF-6A832EBC52B6}.Release|x64.Build.0 = Release|x64
		{095028F8-2AD8-4363-86DF-6A832EBC52B6}.Release|x86.ActiveCfg = Release|Win32
		{095028F8-2AD8-4363-86DF-6A832EBC52B6}.Release|x86.Build.0 = Release|Win32
		{F9A4B4AC-CA5E-4E53-8AB8-33A613FF55CF}.Debug|x64.ActiveCfg = Debug|x64
		{F9A4B4AC-CA5E-4E53-8AB8-33A613FF55CF}.Debug|x64.Build.0 = Debug|x64
		{F9A4B4AC-CA5E-4E53-8AB8-33A613FF55CF}.Debug|x86.ActiveCfg = Debug|Win32
		{F9A4B4AC-CA5E-4E53-8AB8-33A613FF55CF}.Debug|x86.Build.0 = Debug|Win32
		{F9A4B4AC-CA5E-4E53-8AB8-33A613FF55CF}.Release|x64.ActiveCfg = Release|x64
		{F9A4B4AC-CA5E-4E53-8AB8-33A613FF55CF}.Release|x64.Build.0 = Release|x64
		{F9A4B4AC-CA5E-4E53-8AB8-33A613FF55CF}.Release|x86.ActiveCfg = Release|Win32
		{F9A4B4AC-CA5E-4E53-8AB8-33A613FF55CF}.Release|x86.Build.0 = Release|Win32
		{C4B9D99B-A04A-486F-9A69-F3F7A4526663}.Debug|x64.ActiveCfg = Debug|x64
		{C4B9D99B-A04A-486F-9A69-F3F7A4526663}.Debug|x64.Build.0 = Debug|x64
		{C4B9D99B-A04A-486F-9A69-F3F7A4526663}.Debug|x86.ActiveCfg = Debug|Win32
		{C4B9D99B-A04A-486F-9A69-F3F7A4526663}.Debug|x86.Build.0 = Debug|Win32
		{C4B9D99B-A04A-486F-9A69-F3F7A4526663}.Release|x64.ActiveCfg = Release|x64
		{C4B9D99B-A04A-486F-9A69-F3F7A4526663}.Release|x64.Build.0 = Release|x64
		{C4B9D99B-A04A-486F-9A69-F3F7A4526663}.Release|x86.ActiveCfg = Release|Win32
		{C4B9D99B-A04A-486F-9A69-F3F7A4526663}.Release|x86.Build.0 = Release|Win32
		{92BFCBEA-AE8D-4347-B043-28B5A6EB17A9}.Debug|x64.ActiveCfg = Debug|x64
		{92BFCBEA-AE8D-4347-B043-28B5A6EB17A9}.Debug|x64.Build.0 = Debug|x64
		{92BFCBEA-AE8D-4347-B043-28B5A6EB17A9}.Debug|x86.ActiveCfg = Debug|Win32
		{92BFCBEA-AE8D-4347-B043-28B5A6EB17A9}.Debug|x86.Build.0 = Debug|Win32
		{92BFCBEA-AE8D-4347-B043-28B5A6EB17A9}.Release|x64.ActiveCfg = Release|x64
		{92BFCBEA-AE8D-4347-B043-28B5A6EB17A9}.Release|x64.Build.0 = Release|x64
		{92BFCBEA-AE8D-4347-B043-28B5A6EB17A9}.Release|x86.ActiveCfg = Release|Win32
		{92BFCBEA-AE8D-4347-B043-28B5A6EB17A9}.Release|x86.Build.0 = Release|Win32
		{2D49414F-9B51-40FE-9024-01A22AB6F1EC}.Debug|x64.ActiveCfg = Debug|x64
		{2D49414F-9B51-40FE-9024-01A22AB6F1EC}.Debug|x64.Build.0 = Debug|x64
		{2D49414F-9B51-40FE-9024-01A22AB6F1EC}.Debug|x86.ActiveCfg = Debug|Win32
		{2D49414F-9B51-40FE-9024-01A22AB6F1EC}.Debug|x86.Build.0 = Debug|Win32
		{2D49414F-9B51-40FE-9024-01A22AB6F1EC}.Release|x64.ActiveCfg = Release|x64
		{2D49414F-9B51-40FE-9024-01A22AB6F1EC}.Release|x64.Build.0 = Release|x64
		{2D49414F-9B51-40FE-9024-01A22AB6F1EC}.Release|x86.ActiveCfg = Release|Win32
		{2D49414F-9B51-40FE-9024-01A22AB6F1EC}.Release|x86.Build.0 = Release|Win32
		{12041E13-4367-4478-A325-B99800DEE639}.Debug|x64.ActiveCfg = Debug|x64
		{12041E13-4367-4478-A325-B99800DEE639}.Debug|x64.Build.0 = Debug|x64
		{12041E13-4367-4478-A325-B99800DEE639}.Debug|x86.ActiveCfg = Debug|Win32
		{12041E13-4367-4478-A325-B99800DEE639}.Debug|x86.Build.0 = Debug|Win32
		{12041E13-4367-4478-A325-B99800DEE639}.Release|x64.ActiveCfg = Release|x64
		{12041E13-4367-4478-A325-B99800DEE639}.Release|x64.Build.0 = Release|x64
		{12041E13-4367-4478-A325-B99800DEE639}.Release|x86.ActiveCfg = Release|Win32
		{12041E13-4367-4478-A325-B99800DEE639}.Release|x86.Build.0 = Release|Win32
		{94C61766-AB1B-49E7-ABAD-BFA4B4EC5655}.Debug|x64.ActiveCfg = Debug|x64
		{94C61766-AB1B-49E7-ABAD-BFA4B4EC5655}.Debug|x64.Build.0 = Debug|x64
		{94C61766-AB1B-49E7-ABAD-BFA4B4EC5655}.Debug|x86.ActiveCfg = Debug|Win32
		{94C61766-AB1B-49E7-ABAD-BFA4B4EC5655}.Debug|x86.Build.0 = Debug|Win32
		{94C61766-AB1B-49E7-ABAD-BFA4B4EC5655}.Release|x64.ActiveCfg = Release|x64
		{94C61766-AB1B-49E7-ABAD-BFA4B4EC5655}.Release|x64.Build.0 = Release|x64
		{94C61766-AB1B-49E7-ABAD-BFA4B4EC5655}.Release|x86.ActiveCfg = Release|Win32
		{94C61766-AB1B-49E7-ABAD-BFA4B4EC5655}.Release|x86.Build.0 = Release|Win32
	EndGlobalSection
	GlobalSection(SolutionProperties) = preSolution
		HideSolutionNode = FALSE
	EndGlobalSection
	GlobalSection(ExtensibilityGlobals) = postSolution
		SolutionGuid = {F19C9D8A-9595-4607-9F3F-069A8C4DC5AB}
	EndGlobalSection
EndGlobal
