
Microsoft Visual Studio Solution File, Format Version 12.00
# Visual Studio 15
VisualStudioVersion = 15.0.35431.46
MinimumVisualStudioVersion = 10.0.40219.1
Project("{8BC9CEB8-8B4A-11D0-8D11-00A0C91BC942}") = "LG01_Q1", "LG01_Q1\LG01_Q1.vcxproj", "{385BF476-53D5-410E-BF33-DE95BD36B6AE}"
EndProject
Project("{8BC9CEB8-8B4A-11D0-8D11-00A0C91BC942}") = "LG01_Q2", "LG01_Q2\LG01_Q2.vcxproj", "{A9DCCC65-835A-4F93-A014-3353D350E78A}"
EndProject
Project("{8BC9CEB8-8B4A-11D0-8D11-00A0C91BC942}") = "LG01_Q3", "LG01_Q3\LG01_Q3.vcxproj", "{4C97C7F0-C5FE-4D05-981F-EC25E9EC1570}"
EndProject
Project("{8BC9CEB8-8B4A-11D0-8D11-00A0C91BC942}") = "LG01_Q4", "LG01_Q4\LG01_Q4.vcxproj", "{8D08617F-1952-4AA2-AC4C-52B2CC19C01C}"
EndProject
Project("{8BC9CEB8-8B4A-11D0-8D11-00A0C91BC942}") = "LG01_AQ1", "LG01_AQ1\LG01_AQ1.vcxproj", "{39B2430F-F2D7-4020-B9D2-DC6AE0A9C311}"
EndProject
Project("{8BC9CEB8-8B4A-11D0-8D11-00A0C91BC942}") = "LG01_AQ2", "LG01_AQ2\LG01_AQ2.vcxproj", "{247AA40B-7D7C-4825-82F0-209AEC4AEB90}"
EndProject
Global
	GlobalSection(SolutionConfigurationPlatforms) = preSolution
		Debug|x64 = Debug|x64
		Debug|x86 = Debug|x86
		Release|x64 = Release|x64
		Release|x86 = Release|x86
	EndGlobalSection
	GlobalSection(ProjectConfigurationPlatforms) = postSolution
		{385BF476-53D5-410E-BF33-DE95BD36B6AE}.Debug|x64.ActiveCfg = Debug|x64
		{385BF476-53D5-410E-BF33-DE95BD36B6AE}.Debug|x64.Build.0 = Debug|x64
		{385BF476-53D5-410E-BF33-DE95BD36B6AE}.Debug|x86.ActiveCfg = Debug|Win32
		{385BF476-53D5-410E-BF33-DE95BD36B6AE}.Debug|x86.Build.0 = Debug|Win32
		{385BF476-53D5-410E-BF33-DE95BD36B6AE}.Release|x64.ActiveCfg = Release|x64
		{385BF476-53D5-410E-BF33-DE95BD36B6AE}.Release|x64.Build.0 = Release|x64
		{385BF476-53D5-410E-BF33-DE95BD36B6AE}.Release|x86.ActiveCfg = Release|Win32
		{385BF476-53D5-410E-BF33-DE95BD36B6AE}.Release|x86.Build.0 = Release|Win32
		{A9DCCC65-835A-4F93-A014-3353D350E78A}.Debug|x64.ActiveCfg = Debug|x64
		{A9DCCC65-835A-4F93-A014-3353D350E78A}.Debug|x64.Build.0 = Debug|x64
		{A9DCCC65-835A-4F93-A014-3353D350E78A}.Debug|x86.ActiveCfg = Debug|Win32
		{A9DCCC65-835A-4F93-A014-3353D350E78A}.Debug|x86.Build.0 = Debug|Win32
		{A9DCCC65-835A-4F93-A014-3353D350E78A}.Release|x64.ActiveCfg = Release|x64
		{A9DCCC65-835A-4F93-A014-3353D350E78A}.Release|x64.Build.0 = Release|x64
		{A9DCCC65-835A-4F93-A014-3353D350E78A}.Release|x86.ActiveCfg = Release|Win32
		{A9DCCC65-835A-4F93-A014-3353D350E78A}.Release|x86.Build.0 = Release|Win32
		{4C97C7F0-C5FE-4D05-981F-EC25E9EC1570}.Debug|x64.ActiveCfg = Debug|x64
		{4C97C7F0-C5FE-4D05-981F-EC25E9EC1570}.Debug|x64.Build.0 = Debug|x64
		{4C97C7F0-C5FE-4D05-981F-EC25E9EC1570}.Debug|x86.ActiveCfg = Debug|Win32
		{4C97C7F0-C5FE-4D05-981F-EC25E9EC1570}.Debug|x86.Build.0 = Debug|Win32
		{4C97C7F0-C5FE-4D05-981F-EC25E9EC1570}.Release|x64.ActiveCfg = Release|x64
		{4C97C7F0-C5FE-4D05-981F-EC25E9EC1570}.Release|x64.Build.0 = Release|x64
		{4C97C7F0-C5FE-4D05-981F-EC25E9EC1570}.Release|x86.ActiveCfg = Release|Win32
		{4C97C7F0-C5FE-4D05-981F-EC25E9EC1570}.Release|x86.Build.0 = Release|Win32
		{8D08617F-1952-4AA2-AC4C-52B2CC19C01C}.Debug|x64.ActiveCfg = Debug|x64
		{8D08617F-1952-4AA2-AC4C-52B2CC19C01C}.Debug|x64.Build.0 = Debug|x64
		{8D08617F-1952-4AA2-AC4C-52B2CC19C01C}.Debug|x86.ActiveCfg = Debug|Win32
		{8D08617F-1952-4AA2-AC4C-52B2CC19C01C}.Debug|x86.Build.0 = Debug|Win32
		{8D08617F-1952-4AA2-AC4C-52B2CC19C01C}.Release|x64.ActiveCfg = Release|x64
		{8D08617F-1952-4AA2-AC4C-52B2CC19C01C}.Release|x64.Build.0 = Release|x64
		{8D08617F-1952-4AA2-AC4C-52B2CC19C01C}.Release|x86.ActiveCfg = Release|Win32
		{8D08617F-1952-4AA2-AC4C-52B2CC19C01C}.Release|x86.Build.0 = Release|Win32
		{39B2430F-F2D7-4020-B9D2-DC6AE0A9C311}.Debug|x64.ActiveCfg = Debug|x64
		{39B2430F-F2D7-4020-B9D2-DC6AE0A9C311}.Debug|x64.Build.0 = Debug|x64
		{39B2430F-F2D7-4020-B9D2-DC6AE0A9C311}.Debug|x86.ActiveCfg = Debug|Win32
		{39B2430F-F2D7-4020-B9D2-DC6AE0A9C311}.Debug|x86.Build.0 = Debug|Win32
		{39B2430F-F2D7-4020-B9D2-DC6AE0A9C311}.Release|x64.ActiveCfg = Release|x64
		{39B2430F-F2D7-4020-B9D2-DC6AE0A9C311}.Release|x64.Build.0 = Release|x64
		{39B2430F-F2D7-4020-B9D2-DC6AE0A9C311}.Release|x86.ActiveCfg = Release|Win32
		{39B2430F-F2D7-4020-B9D2-DC6AE0A9C311}.Release|x86.Build.0 = Release|Win32
		{247AA40B-7D7C-4825-82F0-209AEC4AEB90}.Debug|x64.ActiveCfg = Debug|x64
		{247AA40B-7D7C-4825-82F0-209AEC4AEB90}.Debug|x64.Build.0 = Debug|x64
		{247AA40B-7D7C-4825-82F0-209AEC4AEB90}.Debug|x86.ActiveCfg = Debug|Win32
		{247AA40B-7D7C-4825-82F0-209AEC4AEB90}.Debug|x86.Build.0 = Debug|Win32
		{247AA40B-7D7C-4825-82F0-209AEC4AEB90}.Release|x64.ActiveCfg = Release|x64
		{247AA40B-7D7C-4825-82F0-209AEC4AEB90}.Release|x64.Build.0 = Release|x64
		{247AA40B-7D7C-4825-82F0-209AEC4AEB90}.Release|x86.ActiveCfg = Release|Win32
		{247AA40B-7D7C-4825-82F0-209AEC4AEB90}.Release|x86.Build.0 = Release|Win32
	EndGlobalSection
	GlobalSection(SolutionProperties) = preSolution
		HideSolutionNode = FALSE
	EndGlobalSection
	GlobalSection(ExtensibilityGlobals) = postSolution
		SolutionGuid = {CDFCB8D4-DDA7-42E4-AD69-F2F88225C855}
	EndGlobalSection
EndGlobal
